
Microsoft Visual Studio Solution File, Format Version 12.00
# Visual Studio Version 17
VisualStudioVersion = 17.9.34526.213
MinimumVisualStudioVersion = 10.0.40219.1
Project("{FAE04EC0-301F-11D3-BF4B-00C04F79EFBC}") = "SmartSchool.API", "SmartSchool.API\SmartSchool.API.csproj", "{3CC4473C-40BC-4747-87E4-A1E3BC5FEC0E}"
EndProject
Global
	GlobalSection(SolutionConfigurationPlatforms) = preSolution
		Debug|Any CPU = Debug|Any CPU
		Release|Any CPU = Release|Any CPU
	EndGlobalSection
	GlobalSection(ProjectConfigurationPlatforms) = postSolution
		{3CC4473C-40BC-4747-87E4-A1E3BC5FEC0E}.Debug|Any CPU.ActiveCfg = Debug|Any CPU
		{3CC4473C-40BC-4747-87E4-A1E3BC5FEC0E}.Debug|Any CPU.Build.0 = Debug|Any CPU
		{3CC4473C-40BC-4747-87E4-A1E3BC5FEC0E}.Release|Any CPU.ActiveCfg = Release|Any CPU
		{3CC4473C-40BC-4747-87E4-A1E3BC5FEC0E}.Release|Any CPU.Build.0 = Release|Any CPU
	EndGlobalSection
	GlobalSection(SolutionProperties) = preSolution
		HideSolutionNode = FALSE
	EndGlobalSection
	GlobalSection(ExtensibilityGlobals) = postSolution
		SolutionGuid = {83998517-1CBC-462D-8C8F-305B1D9419FA}
	EndGlobalSection
EndGlobal
